PODS:
  - DeviceImpressSwift (0.1.1):
    - DeviceImpressSwift/Broken (= 0.1.1)
    - DeviceImpressSwift/Device (= 0.1.1)
    - DeviceImpressSwift/Impress (= 0.1.1)
    - DeviceImpressSwift/Network (= 0.1.1)
    - DeviceImpressSwift/Storage (= 0.1.1)
    - DeviceImpressSwift/Time (= 0.1.1)
  - DeviceImpressSwift/Broken (0.1.1)
  - DeviceImpressSwift/Device (0.1.1)
  - DeviceImpressSwift/Impress (0.1.1)
  - DeviceImpressSwift/Network (0.1.1)
  - DeviceImpressSwift/Storage (0.1.1)
  - DeviceImpressSwift/Time (0.1.1)
  - FYLocationObjc (0.1.1)

DEPENDENCIES:
  - DeviceImpressSwift (from `../`)
  - FYLocationObjc

SPEC REPOS:
  trunk:
    - FYLocationObjc

EXTERNAL SOURCES:
  DeviceImpressSwift:
    :path: "../"

SPEC CHECKSUMS:
  DeviceImpressSwift: 985bf73a09739624276abfa5a2c188c324d82813
  FYLocationObjc: d3279f1e5e029fc30919f8798a3c3b4d0c00aba0

PODFILE CHECKSUM: 6d13e64b667bfe6d0769a08284fbffc267fb2bcb

COCOAPODS: 1.16.2
